
Microsoft Visual Studio Solution File, Format Version 12.00
# Visual Studio Version 17
VisualStudioVersion = 17.14.36221.1 d17.14
MinimumVisualStudioVersion = 10.0.40219.1
Project("{FAE04EC0-301F-11D3-BF4B-00C04F79EFBC}") = "DemoC#Advanc03", "DemoC#Advanc03\DemoC#Advanc03.csproj", "{7035FE9C-AE47-4362-B19F-317275E7D81B}"
EndProject
Global
	GlobalSection(SolutionConfigurationPlatforms) = preSolution
		Debug|Any CPU = Debug|Any CPU
		Release|Any CPU = Release|Any CPU
	EndGlobalSection
	GlobalSection(ProjectConfigurationPlatforms) = postSolution
		{7035FE9C-AE47-4362-B19F-317275E7D81B}.Debug|Any CPU.ActiveCfg = Debug|Any CPU
		{7035FE9C-AE47-4362-B19F-317275E7D81B}.Debug|Any CPU.Build.0 = Debug|Any CPU
		{7035FE9C-AE47-4362-B19F-317275E7D81B}.Release|Any CPU.ActiveCfg = Release|Any CPU
		{7035FE9C-AE47-4362-B19F-317275E7D81B}.Release|Any CPU.Build.0 = Release|Any CPU
	EndGlobalSection
	GlobalSection(SolutionProperties) = preSolution
		HideSolutionNode = FALSE
	EndGlobalSection
	GlobalSection(ExtensibilityGlobals) = postSolution
		SolutionGuid = {680FBDB6-57A4-4673-ABD5-8D9F8EDD9777}
	EndGlobalSection
EndGlobal
